
Microsoft Visual Studio Solution File, Format Version 12.00
# Visual Studio Version 16
VisualStudioVersion = 16.0.30309.148
MinimumVisualStudioVersion = 10.0.40219.1
Project("{FAE04EC0-301F-11D3-BF4B-00C04F79EFBC}") = "PathFindingAlgorithm", "PathFindingAlgorithm\PathFindingAlgorithm.csproj", "{CC6BDE52-BC0A-403B-B4C0-A77BF6B53ED2}"
EndProject
Global
	GlobalSection(SolutionConfigurationPlatforms) = preSolution
		Debug|Any CPU = Debug|Any CPU
		Release|Any CPU = Release|Any CPU
	EndGlobalSection
	GlobalSection(ProjectConfigurationPlatforms) = postSolution
		{CC6BDE52-BC0A-403B-B4C0-A77BF6B53ED2}.Debug|Any CPU.ActiveCfg = Debug|Any CPU
		{CC6BDE52-BC0A-403B-B4C0-A77BF6B53ED2}.Debug|Any CPU.Build.0 = Debug|Any CPU
		{CC6BDE52-BC0A-403B-B4C0-A77BF6B53ED2}.Release|Any CPU.ActiveCfg = Release|Any CPU
		{CC6BDE52-BC0A-403B-B4C0-A77BF6B53ED2}.Release|Any CPU.Build.0 = Release|Any CPU
	EndGlobalSection
	GlobalSection(SolutionProperties) = preSolution
		HideSolutionNode = FALSE
	EndGlobalSection
	GlobalSection(ExtensibilityGlobals) = postSolution
		SolutionGuid = {1D4F4156-F381-4B4C-B766-A34B2D90860D}
	EndGlobalSection
EndGlobal
